{
  "name": "chess-blog",
  "lockfileVersion": 3,
  "requires": true,
  "packages": {
    "": {
      "dependencies": {
        "lichess-pgn-viewer": "^1.6.1"
      }
    },
    "node_modules/@badrap/result": {
      "version": "0.2.13",
      "resolved": "https://registry.npmjs.org/@badrap/result/-/result-0.2.13.tgz",
      "integrity": "sha512-Qvyzz0dmGY0h8pwvBFo1BznAKf5Y5NXIDiqhPALWtfU7oHbAToCtPu4FlYQ3uysskSWLx8GUiyhe0nv0nDd/7Q=="
    },
    "node_modules/@types/node": {
      "version": "18.16.19",
      "resolved": "https://registry.npmjs.org/@types/node/-/node-18.16.19.tgz",
      "integrity": "sha512-IXl7o+R9iti9eBW4Wg2hx1xQDig183jj7YLn8F7udNceyfkbn1ZxmzZXuak20gR40D7pIkIY1kYGx5VIGbaHKA=="
    },
    "node_modules/chessground": {
      "version": "8.3.13",
      "resolved": "https://registry.npmjs.org/chessground/-/chessground-8.3.13.tgz",
      "integrity": "sha512-H063phgP0OWXNOwu24Zm+HmW8aDCjBobdbZDVM3N3exDZ3cClfttH6nr4vc8XEcNUFt8mM+2L09OZvWtIwaAlA==",
      "funding": {
        "url": "https://lichess.org/patron"
      }
    },
    "node_modules/chessops": {
      "version": "0.12.7",
      "resolved": "https://registry.npmjs.org/chessops/-/chessops-0.12.7.tgz",
      "integrity": "sha512-ylWwKOudgTNJCDq7vx/Rs9fkZwPB3CEk0AJ8NtAfEYOoA3DGRQdS/Z/oQRsnQvs92rUu0yEobn4ZIPzLh8y9/w==",
      "dependencies": {
        "@badrap/result": "^0.2"
      },
      "funding": {
        "url": "https://github.com/sponsors/niklasf"
      }
    },
    "node_modules/lichess-pgn-viewer": {
      "version": "1.6.1",
      "resolved": "https://registry.npmjs.org/lichess-pgn-viewer/-/lichess-pgn-viewer-1.6.1.tgz",
      "integrity": "sha512-rKGRbpqy7xgcQ8S5Wneu86UFuJnsTPyVw0TJYCUHxO/+x5eIN8GF8TCxf2Q/aZ6YR4kec2SLjIBTik4KejHeZw==",
      "dependencies": {
        "@types/node": "^18.16.17",
        "chessground": "^8.3.13",
        "chessops": "^0.12.7",
        "snabbdom": "^3.5.1"
      },
      "funding": {
        "url": "https://lichess.org/patron"
      }
    },
    "node_modules/snabbdom": {
      "version": "3.5.1",
      "resolved": "https://registry.npmjs.org/snabbdom/-/snabbdom-3.5.1.tgz",
      "integrity": "sha512-wHMNIOjkm/YNE5EM3RCbr/+DVgPg6AqQAX1eOxO46zYNvCXjKP5Y865tqQj3EXnaMBjkxmQA5jFuDpDK/dbfiA==",
      "engines": {
        "node": ">=8.3.0"
      }
    }
  }
}
